# This file is autogenerated, do not edit; changes may be undone by the next 'dep ensure'.


[[projects]]
  branch = "master"
  digest = "1:0a779ae7495da03577374e31eb78b8a5128eeff225877427309432ceff2228bb"
  name = "github.com/araddon/dateparse"
  packages = ["."]
  pruneopts = "T"
  revision = "0fb0a474d195a3449cf412ae0176faa193f0ef0b"

[[projects]]
  digest = "1:7fc160b460a6fc506b37fcca68332464c3f2cd57b6e3f111f26c5bbfd2d5518e"
  name = "github.com/fsnotify/fsnotify"
  packages = ["."]
  pruneopts = "T"
  revision = "c2828203cd70a50dcccfb2761f8b1f8ceef9a8e9"
  version = "v1.4.7"

[[projects]]
  digest = "1:9786ddd8ff742e4ad1d8b68f9b1d551584fac49009d5a1680bfb8f812ed1c0ff"
  name = "github.com/go-playground/locales"
  packages = [
    ".",
    "currency",
  ]
  pruneopts = "T"
  revision = "f63010822830b6fe52288ee52d5a1151088ce039"
  version = "v0.12.1"

[[projects]]
  digest = "1:c7965197b6ef4e3f0464248b6a4a6db0b5678e68ed0c7e6aeced022b0c62ac74"
  name = "github.com/go-playground/universal-translator"
  packages = ["."]
  pruneopts = "T"
  revision = "b32fa301c9fe55953584134cb6853a13c87ec0a1"
  version = "v0.16.0"

[[projects]]
  digest = "1:ad8cbd98bedf33fa07f557e41dbe19d6eb12725b1daeed05817b9d03dd65cdc8"
  name = "github.com/go-playground/validator"
  packages = ["."]
  pruneopts = "T"
  revision = "cd1bd581694a11c089aea885a26247c5f783a4cf"
  version = "v9.30.0"

[[projects]]
  digest = "1:8b49904d2ff610bb1c7414c7f976ed46450c053633274fafb61a66589da056a2"
  name = "github.com/gogo/googleapis"
  packages = ["google/rpc"]
  pruneopts = "T"
  revision = "d31c731455cb061f42baff3bda55bad0118b126b"
  version = "v1.2.0"

[[projects]]
  digest = "1:c6e109ed32d266dea072dd6d00e3ee26fb960f86ed0ba7f6a07e5d2bfdeab868"
  name = "github.com/gogo/protobuf"
  packages = [
    "gogoproto",
    "proto",
    "protoc-gen-gogo/descriptor",
    "sortkeys",
    "types",
  ]
  pruneopts = "T"
  revision = "ba06b47c162d49f2af050fb4c75bcbc86a159d5c"
  version = "v1.2.1"

[[projects]]
  branch = "master"
  digest = "1:6c0f44b070ed82c2f752d42e936fe12094464a22e70bae5d86790865e1ea326b"
  name = "github.com/gogo/status"
  packages = ["."]
  pruneopts = "T"
  revision = "935308aef7372e7685e8fbee162aae8f7a7e515a"

[[projects]]
  digest = "1:ee6b8c03e5ab6cf9628a3c538430d007f8534483dc46c7ff5955a4359d5ef865"
  name = "github.com/golang/protobuf"
  packages = [
    "proto",
    "ptypes",
    "ptypes/any",
    "ptypes/duration",
    "ptypes/timestamp",
  ]
  pruneopts = "T"
  revision = "6c65a5562fc06764971b7c5d05c76c75e84bdbf7"
  version = "v1.3.2"

[[projects]]
  digest = "1:eca5b59a68125905e4f62d6f5072f01740a7648a808e93f6d76c5334ff948601"
  name = "github.com/gomodule/redigo"
  packages = [
    "internal",
    "redis",
  ]
  pruneopts = "T"
  revision = "9c11da706d9b7902c6da69c592f75637793fe121"
  version = "v2.0.0"

[[projects]]
  digest = "1:462966563db35f9fae6bacf677b75f7c8088220f97fa3f5d1d092918cd164c86"
  name = "github.com/grpc-ecosystem/go-grpc-middleware"
  packages = [
    ".",
    "retry",
    "util/backoffutils",
    "util/metautils",
  ]
  pruneopts = "T"
  revision = "c250d6563d4d4c20252cd865923440e829844f4e"
  version = "v1.0.0"

[[projects]]
  digest = "1:071bcbf82c289fba4d3f63c876bf4f0ba7eda625cd60795e0a03ccbf949e517a"
  name = "github.com/hashicorp/hcl"
  packages = [
    ".",
    "hcl/ast",
    "hcl/parser",
    "hcl/printer",
    "hcl/scanner",
    "hcl/strconv",
    "hcl/token",
    "json/parser",
    "json/scanner",
    "json/token",
  ]
  pruneopts = "T"
  revision = "8cb6e5b959231cc1119e43259c4a608f9c51a241"
  version = "v1.0.0"

[[projects]]
  digest = "1:870d441fe217b8e689d7949fef6e43efbc787e50f200cb1e70dbca9204a1d6be"
  name = "github.com/inconshreveable/mousetrap"
  packages = ["."]
  pruneopts = "T"
  revision = "76626ae9c91c4f2a10f34cad8ce83ea42c93bb75"
  version = "v1.0"

[[projects]]
  digest = "1:e4f630893d2bbf8c268eba14e7cc92ef8844ee259a45e21ea77cf7656544cb7e"
  name = "github.com/json-iterator/go"
  packages = ["."]
  pruneopts = "T"
  revision = "0ff49de124c6f76f8494e194af75bde0f1a49a29"
  version = "v1.1.6"

[[projects]]
  digest = "1:b7261ff866b5ee82742c6b04f5afaf82d995703207967630780962412ccd346c"
  name = "github.com/labstack/echo"
  packages = ["."]
  pruneopts = "T"
  revision = "38772c686c76b501f94bd6cd5b77f5842e93b559"
  version = "v3.3.10"

[[projects]]
  digest = "1:72cbc4d23aa2b3b170b6057152ababc4771552b26e235eeff20a3478d63cf288"
  name = "github.com/labstack/gommon"
  packages = [
    "color",
    "log",
  ]
  pruneopts = "T"
  revision = "ab0bfd9a5eba33a8c364bf3390d809ed23c31f97"
  version = "v0.2.9"

[[projects]]
  digest = "1:6782ffc812e8e700e6952ede1e60487ff1fd9da489eff762985be662a7cfc431"
  name = "github.com/leodido/go-urn"
  packages = ["."]
  pruneopts = "T"
  revision = "70078a794e8ea4b497ba7c19a78cd60f90ccf0f4"
  version = "v1.1.0"

[[projects]]
  digest = "1:d7cc16f6f66fd3f5864ff77480288704b02e5263f6f243dae62b43fdf4bb638e"
  name = "github.com/magiconair/properties"
  packages = ["."]
  pruneopts = "T"
  revision = "de8848e004dd33dc07a2947b3d76f618a7fc7ef1"
  version = "v1.8.1"

[[projects]]
  branch = "master"
  digest = "1:6bda9283afef46e72e78d90580f152df3a7be019a2f425d1441e45e41c103cc1"
  name = "github.com/mailru/easyjson"
  packages = [
    ".",
    "buffer",
    "jlexer",
    "jwriter",
  ]
  pruneopts = "T"
  revision = "b2ccc519800e761ac8000b95e5d57c80a897ff9e"

[[projects]]
  digest = "1:b64ebd7eda61dcdfdb9282206709b425d93c826690f9680ea67c2e8432c0ffe8"
  name = "github.com/mattn/go-colorable"
  packages = ["."]
  pruneopts = "T"
  revision = "8029fb3788e5a4a9c00e415f586a6d033f5d38b3"
  version = "v0.1.2"

[[projects]]
  digest = "1:9b90c7639a41697f3d4ad12d7d67dfacc9a7a4a6e0bbfae4fc72d0da57c28871"
  name = "github.com/mattn/go-isatty"
  packages = ["."]
  pruneopts = "T"
  revision = "1311e847b0cb909da63b5fecfb5370aa66236465"
  version = "v0.0.8"

[[projects]]
  digest = "1:53bc4cd4914cd7cd52139990d5170d6dc99067ae31c56530621b18b35fc30318"
  name = "github.com/mitchellh/mapstructure"
  packages = ["."]
  pruneopts = "T"
  revision = "3536a929edddb9a5b34bd6861dc4a9647cb459fe"
  version = "v1.1.2"

[[projects]]
  digest = "1:33422d238f147d247752996a26574ac48dcf472976eda7f5134015f06bf16563"
  name = "github.com/modern-go/concurrent"
  packages = ["."]
  pruneopts = "T"
  revision = "bacd9c7ef1dd9b15be4a9909b8ac7a4e313eec94"
  version = "1.0.3"

[[projects]]
  digest = "1:e32bdbdb7c377a07a9a46378290059822efdce5c8d96fe71940d87cb4f918855"
  name = "github.com/modern-go/reflect2"
  packages = ["."]
  pruneopts = "T"
  revision = "4b7aa43c6742a2c18fdef89dd197aaae7dac7ccd"
  version = "1.0.1"

[[projects]]
  digest = "1:428f639bf20c69000ee05b367ba692c1cede908c21d0e1c8e29697a5dcb7bf05"
  name = "github.com/olivere/elastic"
  packages = [
    ".",
    "config",
    "uritemplates",
  ]
  pruneopts = "T"
  revision = "bc2ff157722a7cc55b00ac054c26a9c16f6de98a"
  version = "v6.2.25"

[[projects]]
  digest = "1:a88448fcd2802025fa764388e12f31f0a64d5d436b369a71b97a6c9da783fafe"
  name = "github.com/opentracing/opentracing-go"
  packages = [
    ".",
    "ext",
    "log",
  ]
  pruneopts = "T"
  revision = "659c90643e714681897ec2521c60567dd21da733"
  version = "v1.1.0"

[[projects]]
  digest = "1:abc5966f690dedc4943d8bed4cdddb0c4fb6e4490ff7702fa4ce2a7c35efbaf7"
  name = "github.com/pelletier/go-toml"
  packages = ["."]
  pruneopts = "T"
  revision = "728039f679cbcd4f6a54e080d2219a4c4928c546"
  version = "v1.4.0"

[[projects]]
  digest = "1:cf31692c14422fa27c83a05292eb5cbe0fb2775972e8f1f8446a71549bd8980b"
  name = "github.com/pkg/errors"
  packages = ["."]
  pruneopts = "T"
  revision = "ba968bfe8b2f7e042a574c888954fccecfa385b4"
  version = "v0.8.1"

[[projects]]
  digest = "1:dee0cc3252ce6fcc3334c9529abd32925f2aaf072c90336a5a38254953564aa5"
  name = "github.com/spf13/afero"
  packages = [
    ".",
    "mem",
  ]
  pruneopts = "T"
  revision = "588a75ec4f32903aa5e39a2619ba6a4631e28424"
  version = "v1.2.2"

[[projects]]
  digest = "1:08d65904057412fc0270fc4812a1c90c594186819243160dc779a402d4b6d0bc"
  name = "github.com/spf13/cast"
  packages = ["."]
  pruneopts = "T"
  revision = "8c9545af88b134710ab1cd196795e7f2388358d7"
  version = "v1.3.0"

[[projects]]
  digest = "1:0d40f08f9f1d486f6c56a0cb0d50f28ee1d216497adb7ea060b6dfe9587a2a3d"
  name = "github.com/spf13/cobra"
  packages = ["."]
  pruneopts = "T"
  revision = "f2b07da1e2c38d5f12845a4f607e2e1018cbb1f5"
  version = "v0.0.5"

[[projects]]
  digest = "1:1b753ec16506f5864d26a28b43703c58831255059644351bbcb019b843950900"
  name = "github.com/spf13/jwalterweatherman"
  packages = ["."]
  pruneopts = "T"
  revision = "94f6ae3ed3bceceafa716478c5fbf8d29ca601a1"
  version = "v1.1.0"

[[projects]]
  digest = "1:0f775ea7a72e30d5574267692aaa9ff265aafd15214a7ae7db26bc77f2ca04dc"
  name = "github.com/spf13/pflag"
  packages = ["."]
  pruneopts = "T"
  revision = "298182f68c66c05229eb03ac171abe6e309ee79a"
  version = "v1.0.3"

[[projects]]
  digest = "1:5d7e98ad29b0dc062d7cb720c4f8c85b521b64a508ffd6d82d5c288d682a2728"
  name = "github.com/spf13/viper"
  packages = ["."]
  pruneopts = "T"
  revision = "b5bf975e5823809fb22c7644d008757f78a4259e"
  version = "v1.4.0"

[[projects]]
  branch = "master"
  digest = "1:929449f148cb0ddda822ecab56b4dd9a2e2dcbb6454854fa1dfec9e8bfb0ca06"
  name = "github.com/streadway/amqp"
  packages = ["."]
  pruneopts = "T"
  revision = "75d898a42a940fbc854dfd1a4199eabdc00cf024"

[[projects]]
  digest = "1:dae0b91e8b759b0764f9b8145f340c6651c445cba322ad63dbfe16dbe3ac158d"
  name = "github.com/uber/jaeger-client-go"
  packages = [
    ".",
    "config",
    "internal/baggage",
    "internal/baggage/remote",
    "internal/spanlog",
    "internal/throttler",
    "internal/throttler/remote",
    "log",
    "rpcmetrics",
    "thrift",
    "thrift-gen/agent",
    "thrift-gen/baggage",
    "thrift-gen/jaeger",
    "thrift-gen/sampling",
    "thrift-gen/zipkincore",
    "transport",
    "utils",
  ]
  pruneopts = "T"
  revision = "d4d621cd6ed9aa5f1fc91eb0d0211d336bd6b79d"
  version = "v2.19.0"

[[projects]]
  digest = "1:1cb09ab7ae0fa89104d77886c7efc5d6a6aec74003d0d9c09fda5e794daedef3"
  name = "github.com/uber/jaeger-lib"
  packages = ["metrics"]
  pruneopts = "T"
  revision = "a87ae9d84fb038a8d79266298970720be7c80fcd"
  version = "v2.2.0"

[[projects]]
  digest = "1:a71a71ef17f7d6fc49b0572bb3d1253a5408dd5abb48d8908ac64a6e3f919ba8"
  name = "github.com/ugorji/go"
  packages = ["codec"]
  pruneopts = "T"
  revision = "b4c50a2b199d93b13dc15e78929cfb23bfdf21ab"
  version = "v1.1.1"

[[projects]]
  digest = "1:c468422f334a6b46a19448ad59aaffdfc0a36b08fdcc1c749a0b29b6453d7e59"
  name = "github.com/valyala/bytebufferpool"
  packages = ["."]
  pruneopts = "T"
  revision = "e746df99fe4a3986f4d4f79e13c1e0117ce9c2f7"
  version = "v1.0.0"

[[projects]]
  digest = "1:4d29fdc69817829d8c78473d61613d984ce59675110cee7a2f0314f332cc70a2"
  name = "github.com/valyala/fasttemplate"
  packages = ["."]
  pruneopts = "T"
  revision = "8b5e4e491ab636663841c42ea3c5a9adebabaf36"
  version = "v1.0.1"

[[projects]]
  digest = "1:3c5ba8db09349198a7f77e4b33154df87267632bbd07ce4f09041ad0248913d6"
  name = "gitlab.com/proemergotech/apimd-generator-go"
  packages = ["generator"]
  pruneopts = "T"
  revision = "497a8c31d929a2df90dd7f59932b9948cb82313a"
  source = "git@gitlab.com:proemergotech/apimd-generator-go.git"
  version = "v0.1.3"

[[projects]]
  digest = "1:bdf0b75cd23c5910d774e7c5e2d0e41e887debc31afa4916aa68e87d1928d1ee"
  name = "gitlab.com/proemergotech/centrifuge-client-go"
  packages = [
    ".",
    "api",
  ]
  pruneopts = "T"
  revision = "9ae019559cf98d08792069c7558f64067ad15863"
  source = "git@gitlab.com:proemergotech/centrifuge-client-go.git"
  version = "v2.1.3"

[[projects]]
  digest = "1:9a596af65f2357853a1689223f2bdecf4a715171f5834b08d2566b504394e343"
  name = "gitlab.com/proemergotech/geb-client-go"
  packages = [
    "geb",
    "geb/rabbitmq",
  ]
  pruneopts = "T"
  revision = "a8a65873362db49ece7363a9ac7032d100537e1d"
  source = "git@gitlab.com:proemergotech/geb-client-go.git"
  version = "v0.7.6"

[[projects]]
  digest = "1:80f2caedb741aa8517a50d6f4f56fadfb205333c48ccdf4152b8e8d89b52a465"
  name = "gitlab.com/proemergotech/log-go"
  packages = [
    ".",
    "echolog",
    "elasticlog",
    "geblog",
    "httplog",
    "jaegerlog",
    "zaplog",
  ]
  pruneopts = "T"
  revision = "2b32f44a9abb5427f2d8c5fd9f188f2960991906"
  source = "git@gitlab.com:proemergotech/log-go.git"
  version = "v0.2.3"

[[projects]]
  digest = "1:bede32d94c0923003636ee39c322b85c95a06b718c0b452472dc7068159659a0"
  name = "gitlab.com/proemergotech/microtime-go"
  packages = ["."]
  pruneopts = "T"
  revision = "8f60aba64cb6f12c20985b960204853d6ab9236b"
  source = "git@gitlab.com:proemergotech/microtime-go.git"
  version = "v0.1.3"

[[projects]]
  digest = "1:94b6701b504fd6075690d82836d807f084d52e804c459257213c46b21c9f2d91"
  name = "gitlab.com/proemergotech/trace-go"
  packages = [
    ".",
    "echotrace",
    "gebtrace",
    "internal",
  ]
  pruneopts = "T"
  revision = "c18b02fd17acec2424a2330ebf4cdff6189085f2"
  source = "git@gitlab.com:proemergotech/trace-go.git"
  version = "v0.2.3"

[[projects]]
  digest = "1:3e3ea997d383c7605d8acc630b89949257c2fd1feda2c20cbfaf18626a34536a"
  name = "gitlab.com/proemergotech/uuid-go"
  packages = ["."]
  pruneopts = "T"
  revision = "6fda4362355f1a58abf30c5bfd87c56f77c1bf30"
  source = "git@gitlab.com:proemergotech/uuid-go.git"
  version = "v0.1.4"

[[projects]]
  digest = "1:0c51e41ae8c5f09da0efbb6651b871d1e7a9d0acb3286e091ad80a3910621796"
  name = "gitlab.com/proemergotech/yafuds-client-go"
  packages = [
    "client",
    "internal/cell",
    "internal/converter",
    "internal/errors",
    "internal/pb",
  ]
  pruneopts = "T"
  revision = "80b57dd5b7146ee83f55a70c163326daebf58393"
  source = "git@gitlab.com:proemergotech/yafuds-client-go.git"
  version = "v0.9.4"

[[projects]]
  digest = "1:1cb088da2add92b2955ba3f26d959e08e4639f53a50fb6cef36b5bc04b241103"
  name = "go.uber.org/atomic"
  packages = ["."]
  pruneopts = "T"
  revision = "df976f2515e274675050de7b3f42545de80594fd"
  version = "v1.4.0"

[[projects]]
  digest = "1:8da5d356e645cc806b953f35966e9185e9f3817c6cee54f9b33ca602544ee434"
  name = "go.uber.org/multierr"
  packages = ["."]
  pruneopts = "T"
  revision = "3c4937480c32f4c13a875a1829af76c98ca3d40a"
  version = "v1.1.0"

[[projects]]
  digest = "1:02c8a1e814550ce0ab8fe07402e2e4132a250bdb3f2f79a67407f99e4d678352"
  name = "go.uber.org/zap"
  packages = [
    ".",
    "buffer",
    "internal/bufferpool",
    "internal/color",
    "internal/exit",
    "zapcore",
  ]
  pruneopts = "T"
  revision = "27376062155ad36be76b0f12cf1572a221d3a48c"
  version = "v1.10.0"

[[projects]]
  branch = "master"
  digest = "1:e31be034fd6b7057f387bf33683b2a4a2468d299bc311ff45f8dc269a8ea046b"
  name = "golang.org/x/crypto"
  packages = [
    "acme",
    "acme/autocert",
  ]
  pruneopts = "T"
  revision = "4def268fd1a49955bfb3dda92fe3db4f924f2285"

[[projects]]
  branch = "master"
  digest = "1:963d2ac08e898c80cd173c1ade07cce2c6046a62f51decf5fd78faa8ccd6271d"
  name = "golang.org/x/net"
  packages = [
    "context",
    "http/httpguts",
    "http2",
    "http2/hpack",
    "idna",
    "internal/timeseries",
    "trace",
  ]
  pruneopts = "T"
  revision = "da137c7871d730100384dbcf36e6f8fa493aef5b"

[[projects]]
  branch = "master"
  digest = "1:3c640454bd024a533e794f69066ffa66286c3f1077e0104808886a68fea1e9d3"
  name = "golang.org/x/sys"
  packages = ["unix"]
  pruneopts = "T"
  revision = "fae7ac547cb717d141c433a2a173315e216b64c4"

[[projects]]
  digest = "1:0a6103b1dc59b52f7e64a491b398b854c0fcaacde43c25ce468610a64311b72d"
  name = "golang.org/x/text"
  packages = [
    "collate",
    "collate/build",
    "internal/colltab",
    "internal/gen",
    "internal/language",
    "internal/language/compact",
    "internal/tag",
    "internal/triegen",
    "internal/ucd",
    "language",
    "secure/bidirule",
    "transform",
    "unicode/bidi",
    "unicode/cldr",
    "unicode/norm",
    "unicode/rangetable",
  ]
  pruneopts = "T"
  revision = "342b2e1fbaa52c93f31447ad2c6abc048c63e475"
  version = "v0.3.2"

[[projects]]
  branch = "master"
  digest = "1:53a69ca05e2f34d0d6e5cc02d2d3b0c0f815628965757fb5aaf04aa83ca5cc07"
  name = "google.golang.org/genproto"
  packages = ["googleapis/rpc/status"]
  pruneopts = "T"
  revision = "c506a9f9061087022822e8da603a52fc387115a8"

[[projects]]
  digest = "1:f96fc2f5ab7347ebb9d75e159f5eb6b978e197d018d94f3ee3599e4eba19dbee"
  name = "google.golang.org/grpc"
  packages = [
    ".",
    "balancer",
    "balancer/base",
    "balancer/roundrobin",
    "binarylog/grpc_binarylog_v1",
    "codes",
    "connectivity",
    "credentials",
    "credentials/internal",
    "encoding",
    "encoding/proto",
    "grpclog",
    "internal",
    "internal/backoff",
    "internal/balancerload",
    "internal/binarylog",
    "internal/channelz",
    "internal/envconfig",
    "internal/grpcrand",
    "internal/grpcsync",
    "internal/syscall",
    "internal/transport",
    "keepalive",
    "metadata",
    "naming",
    "peer",
    "resolver",
    "resolver/dns",
    "resolver/passthrough",
    "serviceconfig",
    "stats",
    "status",
    "tap",
  ]
  pruneopts = "T"
  revision = "1d89a3c832915b2314551c1d2a506874d62e53f7"
  version = "v1.22.0"

[[projects]]
  digest = "1:dafe4b0892182d4e31d186e117289c2c3e5cde1845010bab63299e62e0fae93e"
  name = "gopkg.in/h2non/gentleman.v2"
  packages = [
    "context",
    "plugin",
    "utils",
  ]
  pruneopts = "T"
  revision = "e0f81be2f4064ea7aa7470e9daddd2dc8e8152c7"
  version = "v2.0.3"

[[projects]]
  digest = "1:4d2e5a73dc1500038e504a8d78b986630e3626dc027bc030ba5c75da257cdb96"
  name = "gopkg.in/yaml.v2"
  packages = ["."]
  pruneopts = "T"
  revision = "51d6538a90f86fe93ac480b35f37b2be17fef232"
  version = "v2.2.2"

[solve-meta]
  analyzer-name = "dep"
  analyzer-version = 1
  input-imports = [
    "github.com/go-playground/validator",
    "github.com/gomodule/redigo/redis",
    "github.com/json-iterator/go",
    "github.com/labstack/echo",
    "github.com/olivere/elastic",
    "github.com/opentracing/opentracing-go",
    "github.com/pkg/errors",
    "github.com/spf13/cobra",
    "github.com/spf13/viper",
    "github.com/uber/jaeger-client-go",
    "github.com/uber/jaeger-client-go/config",
    "gitlab.com/proemergotech/apimd-generator-go/generator",
    "gitlab.com/proemergotech/centrifuge-client-go",
    "gitlab.com/proemergotech/centrifuge-client-go/api",
    "gitlab.com/proemergotech/geb-client-go/geb",
    "gitlab.com/proemergotech/geb-client-go/geb/rabbitmq",
    "gitlab.com/proemergotech/log-go",
    "gitlab.com/proemergotech/log-go/echolog",
    "gitlab.com/proemergotech/log-go/elasticlog",
    "gitlab.com/proemergotech/log-go/geblog",
    "gitlab.com/proemergotech/log-go/httplog",
    "gitlab.com/proemergotech/log-go/jaegerlog",
    "gitlab.com/proemergotech/log-go/zaplog",
    "gitlab.com/proemergotech/microtime-go",
    "gitlab.com/proemergotech/trace-go",
    "gitlab.com/proemergotech/trace-go/echotrace",
    "gitlab.com/proemergotech/trace-go/gebtrace",
    "gitlab.com/proemergotech/uuid-go",
    "gitlab.com/proemergotech/yafuds-client-go/client",
    "go.uber.org/zap",
    "go.uber.org/zap/zapcore",
    "golang.org/x/net/context",
    "gopkg.in/h2non/gentleman.v2/context",
    "gopkg.in/h2non/gentleman.v2/plugin",
  ]
  solver-name = "gps-cdcl"
  solver-version = 1
