# This file is autogenerated, do not edit; changes may be undone by the next 'dep ensure'.


[[projects]]
  branch = "master"
  digest = "1:58a3420043fda72ba2464e1277161b868ad78558288714bf02a54ddcb242bd50"
  name = "github.com/araddon/dateparse"
  packages = ["."]
  pruneopts = "T"
  revision = "74dc0e29b01ffe39f7eac02f22b80260d0645e24"

[[projects]]
  digest = "1:7fc160b460a6fc506b37fcca68332464c3f2cd57b6e3f111f26c5bbfd2d5518e"
  name = "github.com/fsnotify/fsnotify"
  packages = ["."]
  pruneopts = "T"
  revision = "c2828203cd70a50dcccfb2761f8b1f8ceef9a8e9"
  version = "v1.4.7"

[[projects]]
  digest = "1:9786ddd8ff742e4ad1d8b68f9b1d551584fac49009d5a1680bfb8f812ed1c0ff"
  name = "github.com/go-playground/locales"
  packages = [
    ".",
    "currency",
  ]
  pruneopts = "T"
  revision = "f63010822830b6fe52288ee52d5a1151088ce039"
  version = "v0.12.1"

[[projects]]
  digest = "1:c7965197b6ef4e3f0464248b6a4a6db0b5678e68ed0c7e6aeced022b0c62ac74"
  name = "github.com/go-playground/universal-translator"
  packages = ["."]
  pruneopts = "T"
  revision = "b32fa301c9fe55953584134cb6853a13c87ec0a1"
  version = "v0.16.0"

[[projects]]
  digest = "1:0c9ec0e9c7d8cedfe0afb19b4434b54027bc814ee4779121535e68509742a9e5"
  name = "github.com/go-playground/validator"
  packages = ["."]
  pruneopts = "T"
  revision = "46b4b1e301c24cac870ffcb4ba5c8a703d1ef475"
  version = "v9.28.0"

[[projects]]
  digest = "1:8b49904d2ff610bb1c7414c7f976ed46450c053633274fafb61a66589da056a2"
  name = "github.com/gogo/googleapis"
  packages = ["google/rpc"]
  pruneopts = "T"
  revision = "d31c731455cb061f42baff3bda55bad0118b126b"
  version = "v1.2.0"

[[projects]]
  digest = "1:c6e109ed32d266dea072dd6d00e3ee26fb960f86ed0ba7f6a07e5d2bfdeab868"
  name = "github.com/gogo/protobuf"
  packages = [
    "gogoproto",
    "proto",
    "protoc-gen-gogo/descriptor",
    "sortkeys",
    "types",
  ]
  pruneopts = "T"
  revision = "ba06b47c162d49f2af050fb4c75bcbc86a159d5c"
  version = "v1.2.1"

[[projects]]
  branch = "master"
  digest = "1:6c0f44b070ed82c2f752d42e936fe12094464a22e70bae5d86790865e1ea326b"
  name = "github.com/gogo/status"
  packages = ["."]
  pruneopts = "T"
  revision = "935308aef7372e7685e8fbee162aae8f7a7e515a"

[[projects]]
  digest = "1:c06028bbc52478d997bbc08facb0c315aabc2295094d7bf8833756aa9aa25504"
  name = "github.com/golang/protobuf"
  packages = [
    "proto",
    "ptypes",
    "ptypes/any",
    "ptypes/duration",
    "ptypes/timestamp",
  ]
  pruneopts = "T"
  revision = "b5d812f8a3706043e23a9cd5babf2e5423744d30"
  version = "v1.3.1"

[[projects]]
  digest = "1:eca5b59a68125905e4f62d6f5072f01740a7648a808e93f6d76c5334ff948601"
  name = "github.com/gomodule/redigo"
  packages = [
    "internal",
    "redis",
  ]
  pruneopts = "T"
  revision = "9c11da706d9b7902c6da69c592f75637793fe121"
  version = "v2.0.0"

[[projects]]
  digest = "1:462966563db35f9fae6bacf677b75f7c8088220f97fa3f5d1d092918cd164c86"
  name = "github.com/grpc-ecosystem/go-grpc-middleware"
  packages = [
    ".",
    "retry",
    "util/backoffutils",
    "util/metautils",
  ]
  pruneopts = "T"
  revision = "c250d6563d4d4c20252cd865923440e829844f4e"
  version = "v1.0.0"

[[projects]]
  digest = "1:071bcbf82c289fba4d3f63c876bf4f0ba7eda625cd60795e0a03ccbf949e517a"
  name = "github.com/hashicorp/hcl"
  packages = [
    ".",
    "hcl/ast",
    "hcl/parser",
    "hcl/printer",
    "hcl/scanner",
    "hcl/strconv",
    "hcl/token",
    "json/parser",
    "json/scanner",
    "json/token",
  ]
  pruneopts = "T"
  revision = "8cb6e5b959231cc1119e43259c4a608f9c51a241"
  version = "v1.0.0"

[[projects]]
  digest = "1:870d441fe217b8e689d7949fef6e43efbc787e50f200cb1e70dbca9204a1d6be"
  name = "github.com/inconshreveable/mousetrap"
  packages = ["."]
  pruneopts = "T"
  revision = "76626ae9c91c4f2a10f34cad8ce83ea42c93bb75"
  version = "v1.0"

[[projects]]
  digest = "1:e4f630893d2bbf8c268eba14e7cc92ef8844ee259a45e21ea77cf7656544cb7e"
  name = "github.com/json-iterator/go"
  packages = ["."]
  pruneopts = "T"
  revision = "0ff49de124c6f76f8494e194af75bde0f1a49a29"
  version = "v1.1.6"

[[projects]]
  digest = "1:b7261ff866b5ee82742c6b04f5afaf82d995703207967630780962412ccd346c"
  name = "github.com/labstack/echo"
  packages = ["."]
  pruneopts = "T"
  revision = "38772c686c76b501f94bd6cd5b77f5842e93b559"
  version = "v3.3.10"

[[projects]]
  digest = "1:d480672aea7e428fd448f1683445b651b80f3e563e87cd0bb3e74d7c90298f31"
  name = "github.com/labstack/gommon"
  packages = [
    "color",
    "log",
  ]
  pruneopts = "T"
  revision = "7fd9f68ece0bcb1a905fac8f1549f0083f71c51b"
  version = "v0.2.8"

[[projects]]
  digest = "1:6782ffc812e8e700e6952ede1e60487ff1fd9da489eff762985be662a7cfc431"
  name = "github.com/leodido/go-urn"
  packages = ["."]
  pruneopts = "T"
  revision = "70078a794e8ea4b497ba7c19a78cd60f90ccf0f4"
  version = "v1.1.0"

[[projects]]
  digest = "1:53e8c5c79716437e601696140e8b1801aae4204f4ec54a504333702a49572c4f"
  name = "github.com/magiconair/properties"
  packages = ["."]
  pruneopts = "T"
  revision = "c2353362d570a7bfa228149c62842019201cfb71"
  version = "v1.8.0"

[[projects]]
  branch = "master"
  digest = "1:d594a6358158ddbd8996cefe7982228a1f57a6d0f27b6ea71b7e04cf578170aa"
  name = "github.com/mailru/easyjson"
  packages = [
    ".",
    "buffer",
    "jlexer",
    "jwriter",
  ]
  pruneopts = "T"
  revision = "1ea4449da9834f4d333f1cc461c374aea217d249"

[[projects]]
  digest = "1:8b841c5eeb0db3748e16fef3e167073dd5433daac53d9da2201c997eea46e83e"
  name = "github.com/mattn/go-colorable"
  packages = ["."]
  pruneopts = "T"
  revision = "3a70a971f94a22f2fa562ffcc7a0eb45f5daf045"
  version = "v0.1.1"

[[projects]]
  digest = "1:e150b5fafbd7607e2d638e4e5cf43aa4100124e5593385147b0a74e2733d8b0d"
  name = "github.com/mattn/go-isatty"
  packages = ["."]
  pruneopts = "T"
  revision = "c2a7a6ca930a4cd0bc33a3f298eb71960732a3a7"
  version = "v0.0.7"

[[projects]]
  digest = "1:53bc4cd4914cd7cd52139990d5170d6dc99067ae31c56530621b18b35fc30318"
  name = "github.com/mitchellh/mapstructure"
  packages = ["."]
  pruneopts = "T"
  revision = "3536a929edddb9a5b34bd6861dc4a9647cb459fe"
  version = "v1.1.2"

[[projects]]
  digest = "1:33422d238f147d247752996a26574ac48dcf472976eda7f5134015f06bf16563"
  name = "github.com/modern-go/concurrent"
  packages = ["."]
  pruneopts = "T"
  revision = "bacd9c7ef1dd9b15be4a9909b8ac7a4e313eec94"
  version = "1.0.3"

[[projects]]
  digest = "1:e32bdbdb7c377a07a9a46378290059822efdce5c8d96fe71940d87cb4f918855"
  name = "github.com/modern-go/reflect2"
  packages = ["."]
  pruneopts = "T"
  revision = "4b7aa43c6742a2c18fdef89dd197aaae7dac7ccd"
  version = "1.0.1"

[[projects]]
  digest = "1:e9d3a1bfa7b1e68af08bc37eb8bb57e8f6485ac8ba4f1e595b19ab31335d9d76"
  name = "github.com/olivere/elastic"
  packages = [
    ".",
    "config",
    "uritemplates",
  ]
  pruneopts = "T"
  revision = "8a3f2cdf773521f77a2b9517d131c6cf28be6ca1"
  version = "v6.2.17"

[[projects]]
  digest = "1:a88448fcd2802025fa764388e12f31f0a64d5d436b369a71b97a6c9da783fafe"
  name = "github.com/opentracing/opentracing-go"
  packages = [
    ".",
    "ext",
    "log",
  ]
  pruneopts = "T"
  revision = "659c90643e714681897ec2521c60567dd21da733"
  version = "v1.1.0"

[[projects]]
  digest = "1:f689427eab05cdd474917f646ecddb579e2ca4de67bc5b3ea1dc9cdabbcd4288"
  name = "github.com/pelletier/go-toml"
  packages = ["."]
  pruneopts = "T"
  revision = "63909f0a90ab0f36909e8e044e46ace10cf13ba2"
  version = "v1.3.0"

[[projects]]
  digest = "1:cf31692c14422fa27c83a05292eb5cbe0fb2775972e8f1f8446a71549bd8980b"
  name = "github.com/pkg/errors"
  packages = ["."]
  pruneopts = "T"
  revision = "ba968bfe8b2f7e042a574c888954fccecfa385b4"
  version = "v0.8.1"

[[projects]]
  digest = "1:dee0cc3252ce6fcc3334c9529abd32925f2aaf072c90336a5a38254953564aa5"
  name = "github.com/spf13/afero"
  packages = [
    ".",
    "mem",
  ]
  pruneopts = "T"
  revision = "588a75ec4f32903aa5e39a2619ba6a4631e28424"
  version = "v1.2.2"

[[projects]]
  digest = "1:08d65904057412fc0270fc4812a1c90c594186819243160dc779a402d4b6d0bc"
  name = "github.com/spf13/cast"
  packages = ["."]
  pruneopts = "T"
  revision = "8c9545af88b134710ab1cd196795e7f2388358d7"
  version = "v1.3.0"

[[projects]]
  digest = "1:8be8b3743fc9795ec21bbd3e0fc28ff6234018e1a269b0a7064184be95ac13e0"
  name = "github.com/spf13/cobra"
  packages = ["."]
  pruneopts = "T"
  revision = "ef82de70bb3f60c65fb8eebacbb2d122ef517385"
  version = "v0.0.3"

[[projects]]
  digest = "1:1b753ec16506f5864d26a28b43703c58831255059644351bbcb019b843950900"
  name = "github.com/spf13/jwalterweatherman"
  packages = ["."]
  pruneopts = "T"
  revision = "94f6ae3ed3bceceafa716478c5fbf8d29ca601a1"
  version = "v1.1.0"

[[projects]]
  digest = "1:0f775ea7a72e30d5574267692aaa9ff265aafd15214a7ae7db26bc77f2ca04dc"
  name = "github.com/spf13/pflag"
  packages = ["."]
  pruneopts = "T"
  revision = "298182f68c66c05229eb03ac171abe6e309ee79a"
  version = "v1.0.3"

[[projects]]
  digest = "1:2eeca55c5718eafa5ee2538e920ca43a30c334acfed5404ac650ecda1c06e97c"
  name = "github.com/spf13/viper"
  packages = ["."]
  pruneopts = "T"
  revision = "9e56dacc08fbbf8c9ee2dbc717553c758ce42bc9"
  version = "v1.3.2"

[[projects]]
  branch = "master"
  digest = "1:929449f148cb0ddda822ecab56b4dd9a2e2dcbb6454854fa1dfec9e8bfb0ca06"
  name = "github.com/streadway/amqp"
  packages = ["."]
  pruneopts = "T"
  revision = "75d898a42a940fbc854dfd1a4199eabdc00cf024"

[[projects]]
  digest = "1:962c5e977daca4c54a428291cd8b598de173c3d798ffa3aa2556901449ff0702"
  name = "github.com/uber/jaeger-client-go"
  packages = [
    ".",
    "config",
    "internal/baggage",
    "internal/baggage/remote",
    "internal/spanlog",
    "internal/throttler",
    "internal/throttler/remote",
    "log",
    "rpcmetrics",
    "thrift",
    "thrift-gen/agent",
    "thrift-gen/baggage",
    "thrift-gen/jaeger",
    "thrift-gen/sampling",
    "thrift-gen/zipkincore",
    "transport",
    "utils",
  ]
  pruneopts = "T"
  revision = "2f47546e3facd43297739439600bcf43f44cce5d"
  version = "v2.16.0"

[[projects]]
  digest = "1:df176ee81e2f96230c093a6f74cde50198e795579d695dd42aaaa801733cd90d"
  name = "github.com/uber/jaeger-lib"
  packages = ["metrics"]
  pruneopts = "T"
  revision = "0e30338a695636fe5bcf7301e8030ce8dd2a8530"
  version = "v2.0.0"

[[projects]]
  digest = "1:a71a71ef17f7d6fc49b0572bb3d1253a5408dd5abb48d8908ac64a6e3f919ba8"
  name = "github.com/ugorji/go"
  packages = ["codec"]
  pruneopts = "T"
  revision = "b4c50a2b199d93b13dc15e78929cfb23bfdf21ab"
  version = "v1.1.1"

[[projects]]
  digest = "1:c468422f334a6b46a19448ad59aaffdfc0a36b08fdcc1c749a0b29b6453d7e59"
  name = "github.com/valyala/bytebufferpool"
  packages = ["."]
  pruneopts = "T"
  revision = "e746df99fe4a3986f4d4f79e13c1e0117ce9c2f7"
  version = "v1.0.0"

[[projects]]
  digest = "1:4d29fdc69817829d8c78473d61613d984ce59675110cee7a2f0314f332cc70a2"
  name = "github.com/valyala/fasttemplate"
  packages = ["."]
  pruneopts = "T"
  revision = "8b5e4e491ab636663841c42ea3c5a9adebabaf36"
  version = "v1.0.1"

[[projects]]
  digest = "1:0a445cf08b4ae84301f12dba1b737ba734e9c7baa44658eae27f7f08fb75af55"
  name = "gitlab.com/proemergotech/apimd-generator-go"
  packages = ["generator"]
  pruneopts = "T"
  revision = "0a78133461d5bffb138ad15913ee777d5c282f0e"
  source = "git@gitlab.com:proemergotech/apimd-generator-go.git"
  version = "v0.1.2"

[[projects]]
  digest = "1:94ceab9d6924647dd824316f6a2b4a8c9e070f32105e54d56b1cbd9180984439"
  name = "gitlab.com/proemergotech/centrifuge-client-go"
  packages = [
    ".",
    "api",
  ]
  pruneopts = "T"
  revision = "2edc1563d62db55af36c56152b2211871334ffff"
  source = "git@gitlab.com:proemergotech/centrifuge-client-go.git"
  version = "v2.1.2"

[[projects]]
  digest = "1:a984f892dddbb3cf972168090b868eb95fc5505ad88196e200ebd2af0ab9ee05"
  name = "gitlab.com/proemergotech/geb-client-go"
  packages = [
    "geb",
    "geb/rabbitmq",
  ]
  pruneopts = "T"
  revision = "0d6b6744eeeec5e91b41c04a6f06c1c898aebd6a"
  source = "git@gitlab.com:proemergotech/geb-client-go.git"
  version = "v0.7.3"

[[projects]]
  digest = "1:80f2caedb741aa8517a50d6f4f56fadfb205333c48ccdf4152b8e8d89b52a465"
  name = "gitlab.com/proemergotech/log-go"
  packages = [
    ".",
    "echolog",
    "elasticlog",
    "geblog",
    "gentlemanlog",
    "httplog",
    "jaegerlog",
    "zaplog",
  ]
  pruneopts = "T"
  revision = "2b32f44a9abb5427f2d8c5fd9f188f2960991906"
  source = "git@gitlab.com:proemergotech/log-go.git"
  version = "v0.2.3"

[[projects]]
  digest = "1:8c8b27f58591cfbc8f54647dd009a03eb9ca8f1c8861f498a64741cbc41c2492"
  name = "gitlab.com/proemergotech/microtime-go"
  packages = ["."]
  pruneopts = "T"
  revision = "67838e07db50b6d88fbed87296a806b9d4f00d90"
  source = "git@gitlab.com:proemergotech/microtime-go.git"
  version = "v0.1.2"

[[projects]]
  digest = "1:b4884d57ead20c9fc967867b6b99ef0f97890f1fb67c69d7331bbb77127c807a"
  name = "gitlab.com/proemergotech/trace-go"
  packages = [
    ".",
    "echotrace",
    "gebtrace",
    "gentlemantrace",
    "internal",
  ]
  pruneopts = "T"
  revision = "657bdaf182e6a95f7a12e7e072be0145f6e660fc"
  source = "git@gitlab.com:proemergotech/trace-go.git"
  version = "v0.2.2"

[[projects]]
  digest = "1:6078cc3e00479167a20e29764c6080903e8da5a8806d5df7469673f722e29393"
  name = "gitlab.com/proemergotech/uuid-go"
  packages = ["."]
  pruneopts = "T"
  revision = "549ccbb3d028854e1c1f034e96c056542b70cd12"
  source = "git@gitlab.com:proemergotech/uuid-go.git"
  version = "v0.1.2"

[[projects]]
  digest = "1:a8e547dfeaabaececb6588909ba49ceb2588a2a4270d755b0280511d89c7a746"
  name = "gitlab.com/proemergotech/yafuds-client-go"
  packages = [
    "client",
    "internal/cell",
    "internal/converter",
    "internal/errors",
    "internal/pb",
  ]
  pruneopts = "T"
  revision = "75f662fa86e4826af5502103e7f9120863a48967"
  source = "git@gitlab.com:proemergotech/yafuds-client-go.git"
  version = "v0.9.1"

[[projects]]
  digest = "1:365b8ecb35a5faf5aa0ee8d798548fc9cd4200cb95d77a5b0b285ac881bae499"
  name = "go.uber.org/atomic"
  packages = ["."]
  pruneopts = "T"
  revision = "1ea20fb1cbb1cc08cbd0d913a96dead89aa18289"
  version = "v1.3.2"

[[projects]]
  digest = "1:8da5d356e645cc806b953f35966e9185e9f3817c6cee54f9b33ca602544ee434"
  name = "go.uber.org/multierr"
  packages = ["."]
  pruneopts = "T"
  revision = "3c4937480c32f4c13a875a1829af76c98ca3d40a"
  version = "v1.1.0"

[[projects]]
  digest = "1:c57d4b95825e74f8eb3b0c851d04aac3626a602de613f8702c0de41de26856b6"
  name = "go.uber.org/zap"
  packages = [
    ".",
    "buffer",
    "internal/bufferpool",
    "internal/color",
    "internal/exit",
    "zapcore",
  ]
  pruneopts = "T"
  revision = "ff33455a0e382e8a81d14dd7c922020b6b5e7982"
  version = "v1.9.1"

[[projects]]
  branch = "master"
  digest = "1:b10cb53f2450695fdfe1751e6e113b0304d4ddf55c1a8bb292d93ab992a19097"
  name = "golang.org/x/crypto"
  packages = [
    "acme",
    "acme/autocert",
  ]
  pruneopts = "T"
  revision = "88737f569e3a9c7ab309cdc09a07fe7fc87233c3"

[[projects]]
  branch = "master"
  digest = "1:1cbb0d15f83c1f415675143a3f57ae2f236a0f4df5c71c7308a3931f6bb13c2c"
  name = "golang.org/x/net"
  packages = [
    "context",
    "http/httpguts",
    "http2",
    "http2/hpack",
    "idna",
    "internal/timeseries",
    "publicsuffix",
    "trace",
  ]
  pruneopts = "T"
  revision = "eb5bcb51f2a31c7d5141d810b70815c05d9c9146"

[[projects]]
  branch = "master"
  digest = "1:04d03b8497377262fbdbbb132692dadaa33c66fb769f2844addf4b2cd97e78d4"
  name = "golang.org/x/sys"
  packages = ["unix"]
  pruneopts = "T"
  revision = "b44545bcd369ef9ff9bebcfebf5f3370ef9b1932"

[[projects]]
  digest = "1:6164911cb5e94e8d8d5131d646613ff82c14f5a8ce869de2f6d80d9889df8c5a"
  name = "golang.org/x/text"
  packages = [
    "collate",
    "collate/build",
    "internal/colltab",
    "internal/gen",
    "internal/tag",
    "internal/triegen",
    "internal/ucd",
    "language",
    "secure/bidirule",
    "transform",
    "unicode/bidi",
    "unicode/cldr",
    "unicode/norm",
    "unicode/rangetable",
  ]
  pruneopts = "T"
  revision = "f21a4dfb5e38f5895301dc265a8def02365cc3d0"
  version = "v0.3.0"

[[projects]]
  branch = "master"
  digest = "1:6cbc03e8d4c5724d6228c88f1402d8cbd0a515561f73f0cecbb72f3d6576ff28"
  name = "google.golang.org/genproto"
  packages = ["googleapis/rpc/status"]
  pruneopts = "T"
  revision = "64821d5d210748c883cd2b809589555ae4654203"

[[projects]]
  digest = "1:1d0bbb36a1999ee14484970ed3ccb272bc9454e74c12320db160e23846ff5c3a"
  name = "google.golang.org/grpc"
  packages = [
    ".",
    "balancer",
    "balancer/base",
    "balancer/roundrobin",
    "binarylog/grpc_binarylog_v1",
    "codes",
    "connectivity",
    "credentials",
    "credentials/internal",
    "encoding",
    "encoding/proto",
    "grpclog",
    "internal",
    "internal/backoff",
    "internal/balancerload",
    "internal/binarylog",
    "internal/channelz",
    "internal/envconfig",
    "internal/grpcrand",
    "internal/grpcsync",
    "internal/syscall",
    "internal/transport",
    "keepalive",
    "metadata",
    "naming",
    "peer",
    "resolver",
    "resolver/dns",
    "resolver/passthrough",
    "stats",
    "status",
    "tap",
  ]
  pruneopts = "T"
  revision = "236199dd5f8031d698fb64091194aecd1c3895b2"
  version = "v1.20.0"

[[projects]]
  digest = "1:dafe4b0892182d4e31d186e117289c2c3e5cde1845010bab63299e62e0fae93e"
  name = "gopkg.in/h2non/gentleman.v2"
  packages = [
    ".",
    "context",
    "middleware",
    "mux",
    "plugin",
    "plugins/body",
    "plugins/bodytype",
    "plugins/cookies",
    "plugins/headers",
    "plugins/multipart",
    "plugins/query",
    "plugins/url",
    "utils",
  ]
  pruneopts = "T"
  revision = "e0f81be2f4064ea7aa7470e9daddd2dc8e8152c7"
  version = "v2.0.3"

[[projects]]
  digest = "1:4d2e5a73dc1500038e504a8d78b986630e3626dc027bc030ba5c75da257cdb96"
  name = "gopkg.in/yaml.v2"
  packages = ["."]
  pruneopts = "T"
  revision = "51d6538a90f86fe93ac480b35f37b2be17fef232"
  version = "v2.2.2"

[solve-meta]
  analyzer-name = "dep"
  analyzer-version = 1
  input-imports = [
    "github.com/go-playground/validator",
    "github.com/gomodule/redigo/redis",
    "github.com/json-iterator/go",
    "github.com/labstack/echo",
    "github.com/olivere/elastic",
    "github.com/opentracing/opentracing-go",
    "github.com/pkg/errors",
    "github.com/spf13/cobra",
    "github.com/spf13/viper",
    "github.com/uber/jaeger-client-go",
    "github.com/uber/jaeger-client-go/config",
    "gitlab.com/proemergotech/apimd-generator-go/generator",
    "gitlab.com/proemergotech/centrifuge-client-go",
    "gitlab.com/proemergotech/centrifuge-client-go/api",
    "gitlab.com/proemergotech/geb-client-go/geb",
    "gitlab.com/proemergotech/geb-client-go/geb/rabbitmq",
    "gitlab.com/proemergotech/log-go",
    "gitlab.com/proemergotech/log-go/echolog",
    "gitlab.com/proemergotech/log-go/elasticlog",
    "gitlab.com/proemergotech/log-go/geblog",
    "gitlab.com/proemergotech/log-go/gentlemanlog",
    "gitlab.com/proemergotech/log-go/httplog",
    "gitlab.com/proemergotech/log-go/jaegerlog",
    "gitlab.com/proemergotech/log-go/zaplog",
    "gitlab.com/proemergotech/microtime-go",
    "gitlab.com/proemergotech/trace-go",
    "gitlab.com/proemergotech/trace-go/echotrace",
    "gitlab.com/proemergotech/trace-go/gebtrace",
    "gitlab.com/proemergotech/trace-go/gentlemantrace",
    "gitlab.com/proemergotech/uuid-go",
    "gitlab.com/proemergotech/yafuds-client-go/client",
    "go.uber.org/zap",
    "go.uber.org/zap/zapcore",
    "gopkg.in/h2non/gentleman.v2",
    "gopkg.in/h2non/gentleman.v2/context",
    "gopkg.in/h2non/gentleman.v2/plugin",
  ]
  solver-name = "gps-cdcl"
  solver-version = 1
